// !$*UTF8*$!
{
	archiveVersion = 1;
	classes = {
	};
	objectVersion = 46;
	objects = {

/* Begin PBXBuildFile section */
		B6D165B01A9949B700EF591A /* AppDelegate.swift in Sources */ = {isa = PBXBuildFile; fileRef = B6D165AF1A9949B700EF591A /* AppDelegate.swift */; };
		B6D165B21A9949B700EF591A /* ViewController.swift in Sources */ = {isa = PBXBuildFile; fileRef = B6D165B11A9949B700EF591A /* ViewController.swift */; };
		B6D165B51A9949B700EF591A /* Main.storyboard in Resources */ = {isa = PBXBuildFile; fileRef = B6D165B31A9949B700EF591A /* Main.storyboard */; };
		B6D165B71A9949B700EF591A /* Images.xcassets in Resources */ = {isa = PBXBuildFile; fileRef = B6D165B61A9949B700EF591A /* Images.xcassets */; };
		B6D165BA1A9949B700EF591A /* LaunchScreen.xib in Resources */ = {isa = PBXBuildFile; fileRef = B6D165B81A9949B700EF591A /* LaunchScreen.xib */; };
		B6D165C61A9949B700EF591A /* ImageAndLabelTests.swift in Sources */ = {isa = PBXBuildFile; fileRef = B6D165C51A9949B700EF591A /* ImageAndLabelTests.swift */; };
		B6D165D81A9949DD00EF591A /* InterfaceController.swift in Sources */ = {isa = PBXBuildFile; fileRef = B6D165D71A9949DD00EF591A /* InterfaceController.swift */; };
		B6D165DA1A9949DD00EF591A /* Images.xcassets in Resources */ = {isa = PBXBuildFile; fileRef = B6D165D91A9949DD00EF591A /* Images.xcassets */; };
		B6D165DE1A9949DD00EF591A /* ImageAndLabel WatchKit App.app in Resources */ = {isa = PBXBuildFile; fileRef = B6D165DD1A9949DD00EF591A /* ImageAndLabel WatchKit App.app */; };
		B6D165E61A9949DD00EF591A /* Interface.storyboard in Resources */ = {isa = PBXBuildFile; fileRef = B6D165E41A9949DD00EF591A /* Interface.storyboard */; };
		B6D165E81A9949DD00EF591A /* Images.xcassets in Resources */ = {isa = PBXBuildFile; fileRef = B6D165E71A9949DD00EF591A /* Images.xcassets */; };
		B6D165EB1A9949DD00EF591A /* ImageAndLabel WatchKit Extension.appex in Embed App Extensions */ = {isa = PBXBuildFile; fileRef = B6D165D31A9949DD00EF591A /* ImageAndLabel WatchKit Extension.appex */; settings = {ATTRIBUTES = (RemoveHeadersOnCopy, ); }; };
/* End PBXBuildFile section */

/* Begin PBXContainerItemProxy section */
		B6D165C01A9949B700EF591A /* PBXContainerItemProxy */ = {
			isa = PBXContainerItemProxy;
			containerPortal = B6D165A21A9949B700EF591A /* Project object */;
			proxyType = 1;
			remoteGlobalIDString = B6D165A91A9949B700EF591A;
			remoteInfo = ImageAndLabel;
		};
		B6D165DF1A9949DD00EF591A /* PBXContainerItemProxy */ = {
			isa = PBXContainerItemProxy;
			containerPortal = B6D165A21A9949B700EF591A /* Project object */;
			proxyType = 1;
			remoteGlobalIDString = B6D165DC1A9949DD00EF591A;
			remoteInfo = "ImageAndLabel WatchKit App";
		};
		B6D165E91A9949DD00EF591A /* PBXContainerItemProxy */ = {
			isa = PBXContainerItemProxy;
			containerPortal = B6D165A21A9949B700EF591A /* Project object */;
			proxyType = 1;
			remoteGlobalIDString = B6D165D21A9949DD00EF591A;
			remoteInfo = "ImageAndLabel WatchKit Extension";
		};
/* End PBXContainerItemProxy section */

/* Begin PBXCopyFilesBuildPhase section */
		B6D165F21A9949DD00EF591A /* Embed App Extensions */ = {
			isa = PBXCopyFilesBuildPhase;
			buildActionMask = 2147483647;
			dstPath = "";
			dstSubfolderSpec = 13;
			files = (
				B6D165EB1A9949DD00EF591A /* ImageAndLabel WatchKit Extension.appex in Embed App Extensions */,
			);
			name = "Embed App Extensions";
			runOnlyForDeploymentPostprocessing = 0;
		};
/* End PBXCopyFilesBuildPhase section */

/* Begin PBXFileReference section */
		B6D165AA1A9949B700EF591A /* ImageAndLabel.app */ = {isa = PBXFileReference; explicitFileType = wrapper.application; includeInIndex = 0; path = ImageAndLabel.app; sourceTree = BUILT_PRODUCTS_DIR; };
		B6D165AE1A9949B700EF591A /* Info.plist */ = {isa = PBXFileReference; lastKnownFileType = text.plist.xml; path = Info.plist; sourceTree = "<group>"; };
		B6D165AF1A9949B700EF591A /* AppDelegate.swift */ = {isa = PBXFileReference; lastKnownFileType = sourcecode.swift; path = AppDelegate.swift; sourceTree = "<group>"; };
		B6D165B11A9949B700EF591A /* ViewController.swift */ = {isa = PBXFileReference; lastKnownFileType = sourcecode.swift; path = ViewController.swift; sourceTree = "<group>"; };
		B6D165B41A9949B700EF591A /* Base */ = {isa = PBXFileReference; lastKnownFileType = file.storyboard; name = Base; path = Base.lproj/Main.storyboard; sourceTree = "<group>"; };
		B6D165B61A9949B700EF591A /* Images.xcassets */ = {isa = PBXFileReference; lastKnownFileType = folder.assetcatalog; path = Images.xcassets; sourceTree = "<group>"; };
		B6D165B91A9949B700EF591A /* Base */ = {isa = PBXFileReference; lastKnownFileType = file.xib; name = Base; path = Base.lproj/LaunchScreen.xib; sourceTree = "<group>"; };
		B6D165BF1A9949B700EF591A /* ImageAndLabelTests.xctest */ = {isa = PBXFileReference; explicitFileType = wrapper.cfbundle; includeInIndex = 0; path = ImageAndLabelTests.xctest; sourceTree = BUILT_PRODUCTS_DIR; };
		B6D165C41A9949B700EF591A /* Info.plist */ = {isa = PBXFileReference; lastKnownFileType = text.plist.xml; path = Info.plist; sourceTree = "<group>"; };
		B6D165C51A9949B700EF591A /* ImageAndLabelTests.swift */ = {isa = PBXFileReference; lastKnownFileType = sourcecode.swift; path = ImageAndLabelTests.swift; sourceTree = "<group>"; };
		B6D165D31A9949DD00EF591A /* ImageAndLabel WatchKit Extension.appex */ = {isa = PBXFileReference; explicitFileType = "wrapper.app-extension"; includeInIndex = 0; path = "ImageAndLabel WatchKit Extension.appex"; sourceTree = BUILT_PRODUCTS_DIR; };
		B6D165D61A9949DD00EF591A /* Info.plist */ = {isa = PBXFileReference; lastKnownFileType = text.plist.xml; path = Info.plist; sourceTree = "<group>"; };
		B6D165D71A9949DD00EF591A /* InterfaceController.swift */ = {isa = PBXFileReference; lastKnownFileType = sourcecode.swift; path = InterfaceController.swift; sourceTree = "<group>"; };
		B6D165D91A9949DD00EF591A /* Images.xcassets */ = {isa = PBXFileReference; lastKnownFileType = folder.assetcatalog; path = Images.xcassets; sourceTree = "<group>"; };
		B6D165DD1A9949DD00EF591A /* ImageAndLabel WatchKit App.app */ = {isa = PBXFileReference; explicitFileType = wrapper.application; includeInIndex = 0; path = "ImageAndLabel WatchKit App.app"; sourceTree = BUILT_PRODUCTS_DIR; };
		B6D165E31A9949DD00EF591A /* Info.plist */ = {isa = PBXFileReference; lastKnownFileType = text.plist.xml; path = Info.plist; sourceTree = "<group>"; };
		B6D165E51A9949DD00EF591A /* Base */ = {isa = PBXFileReference; lastKnownFileType = file.storyboard; name = Base; path = Base.lproj/Interface.storyboard; sourceTree = "<group>"; };
		B6D165E71A9949DD00EF591A /* Images.xcassets */ = {isa = PBXFileReference; lastKnownFileType = folder.assetcatalog; path = Images.xcassets; sourceTree = "<group>"; };
/* End PBXFileReference section */

/* Begin PBXFrameworksBuildPhase section */
		B6D165A71A9949B700EF591A /* Frameworks */ = {
			isa = PBXFrameworksBuildPhase;
			buildActionMask = 2147483647;
			files = (
			);
			runOnlyForDeploymentPostprocessing = 0;
		};
		B6D165BC1A9949B700EF591A /* Frameworks */ = {
			isa = PBXFrameworksBuildPhase;
			buildActionMask = 2147483647;
			files = (
			);
			runOnlyForDeploymentPostprocessing = 0;
		};
		B6D165D01A9949DD00EF591A /* Frameworks */ = {
			isa = PBXFrameworksBuildPhase;
			buildActionMask = 2147483647;
			files = (
			);
			runOnlyForDeploymentPostprocessing = 0;
		};
/* End PBXFrameworksBuildPhase section */

/* Begin PBXGroup section */
		B6D165A11A9949B700EF591A = {
			isa = PBXGroup;
			children = (
				B6D165AC1A9949B700EF591A /* ImageAndLabel */,
				B6D165C21A9949B700EF591A /* ImageAndLabelTests */,
				B6D165D41A9949DD00EF591A /* ImageAndLabel WatchKit Extension */,
				B6D165E11A9949DD00EF591A /* ImageAndLabel WatchKit App */,
				B6D165AB1A9949B700EF591A /* Products */,
			);
			sourceTree = "<group>";
		};
		B6D165AB1A9949B700EF591A /* Products */ = {
			isa = PBXGroup;
			children = (
				B6D165AA1A9949B700EF591A /* ImageAndLabel.app */,
				B6D165BF1A9949B700EF591A /* ImageAndLabelTests.xctest */,
				B6D165D31A9949DD00EF591A /* ImageAndLabel WatchKit Extension.appex */,
				B6D165DD1A9949DD00EF591A /* ImageAndLabel WatchKit App.app */,
			);
			name = Products;
			sourceTree = "<group>";
		};
		B6D165AC1A9949B700EF591A /* ImageAndLabel */ = {
			isa = PBXGroup;
			children = (
				B6D165AF1A9949B700EF591A /* AppDelegate.swift */,
				B6D165B11A9949B700EF591A /* ViewController.swift */,
				B6D165B31A9949B700EF591A /* Main.storyboard */,
				B6D165B61A9949B700EF591A /* Images.xcassets */,
				B6D165B81A9949B700EF591A /* LaunchScreen.xib */,
				B6D165AD1A9949B700EF591A /* Supporting Files */,
			);
			path = ImageAndLabel;
			sourceTree = "<group>";
		};
		B6D165AD1A9949B700EF591A /* Supporting Files */ = {
			isa = PBXGroup;
			children = (
				B6D165AE1A9949B700EF591A /* Info.plist */,
			);
			name = "Supporting Files";
			sourceTree = "<group>";
		};
		B6D165C21A9949B700EF591A /* ImageAndLabelTests */ = {
			isa = PBXGroup;
			children = (
				B6D165C51A9949B700EF591A /* ImageAndLabelTests.swift */,
				B6D165C31A9949B700EF591A /* Supporting Files */,
			);
			path = ImageAndLabelTests;
			sourceTree = "<group>";
		};
		B6D165C31A9949B700EF591A /* Supporting Files */ = {
			isa = PBXGroup;
			children = (
				B6D165C41A9949B700EF591A /* Info.plist */,
			);
			name = "Supporting Files";
			sourceTree = "<group>";
		};
		B6D165D41A9949DD00EF591A /* ImageAndLabel WatchKit Extension */ = {
			isa = PBXGroup;
			children = (
				B6D165D71A9949DD00EF591A /* InterfaceController.swift */,
				B6D165D91A9949DD00EF591A /* Images.xcassets */,
				B6D165D51A9949DD00EF591A /* Supporting Files */,
			);
			path = "ImageAndLabel WatchKit Extension";
			sourceTree = "<group>";
		};
		B6D165D51A9949DD00EF591A /* Supporting Files */ = {
			isa = PBXGroup;
			children = (
				B6D165D61A9949DD00EF591A /* Info.plist */,
			);
			name = "Supporting Files";
			sourceTree = "<group>";
		};
		B6D165E11A9949DD00EF591A /* ImageAndLabel WatchKit App */ = {
			isa = PBXGroup;
			children = (
				B6D165E41A9949DD00EF591A /* Interface.storyboard */,
				B6D165E71A9949DD00EF591A /* Images.xcassets */,
				B6D165E21A9949DD00EF591A /* Supporting Files */,
			);
			path = "ImageAndLabel WatchKit App";
			sourceTree = "<group>";
		};
		B6D165E21A9949DD00EF591A /* Supporting Files */ = {
			isa = PBXGroup;
			children = (
				B6D165E31A9949DD00EF591A /* Info.plist */,
			);
			name = "Supporting Files";
			sourceTree = "<group>";
		};
/* End PBXGroup section */

/* Begin PBXNativeTarget section */
		B6D165A91A9949B700EF591A /* ImageAndLabel */ = {
			isa = PBXNativeTarget;
			buildConfigurationList = B6D165C91A9949B700EF591A /* Build configuration list for PBXNativeTarget "ImageAndLabel" */;
			buildPhases = (
				B6D165A61A9949B700EF591A /* Sources */,
				B6D165A71A9949B700EF591A /* Frameworks */,
				B6D165A81A9949B700EF591A /* Resources */,
				B6D165F21A9949DD00EF591A /* Embed App Extensions */,
			);
			buildRules = (
			);
			dependencies = (
				B6D165EA1A9949DD00EF591A /* PBXTargetDependency */,
			);
			name = ImageAndLabel;
			productName = ImageAndLabel;
			productReference = B6D165AA1A9949B700EF591A /* ImageAndLabel.app */;
			productType = "com.apple.product-type.application";
		};
		B6D165BE1A9949B700EF591A /* ImageAndLabelTests */ = {
			isa = PBXNativeTarget;
			buildConfigurationList = B6D165CC1A9949B700EF591A /* Build configuration list for PBXNativeTarget "ImageAndLabelTests" */;
			buildPhases = (
				B6D165BB1A9949B700EF591A /* Sources */,
				B6D165BC1A9949B700EF591A /* Frameworks */,
				B6D165BD1A9949B700EF591A /* Resources */,
			);
			buildRules = (
			);
			dependencies = (
				B6D165C11A9949B700EF591A /* PBXTargetDependency */,
			);
			name = ImageAndLabelTests;
			productName = ImageAndLabelTests;
			productReference = B6D165BF1A9949B700EF591A /* ImageAndLabelTests.xctest */;
			productType = "com.apple.product-type.bundle.unit-test";
		};
		B6D165D21A9949DD00EF591A /* ImageAndLabel WatchKit Extension */ = {
			isa = PBXNativeTarget;
			buildConfigurationList = B6D165F11A9949DD00EF591A /* Build configuration list for PBXNativeTarget "ImageAndLabel WatchKit Extension" */;
			buildPhases = (
				B6D165CF1A9949DD00EF591A /* Sources */,
				B6D165D01A9949DD00EF591A /* Frameworks */,
				B6D165D11A9949DD00EF591A /* Resources */,
			);
			buildRules = (
			);
			dependencies = (
				B6D165E01A9949DD00EF591A /* PBXTargetDependency */,
			);
			name = "ImageAndLabel WatchKit Extension";
			productName = "ImageAndLabel WatchKit Extension";
			productReference = B6D165D31A9949DD00EF591A /* ImageAndLabel WatchKit Extension.appex */;
			productType = "com.apple.product-type.watchkit-extension";
		};
		B6D165DC1A9949DD00EF591A /* ImageAndLabel WatchKit App */ = {
			isa = PBXNativeTarget;
			buildConfigurationList = B6D165F01A9949DD00EF591A /* Build configuration list for PBXNativeTarget "ImageAndLabel WatchKit App" */;
			buildPhases = (
				B6D165DB1A9949DD00EF591A /* Resources */,
			);
			buildRules = (
			);
			dependencies = (
			);
			name = "ImageAndLabel WatchKit App";
			productName = "ImageAndLabel WatchKit App";
			productReference = B6D165DD1A9949DD00EF591A /* ImageAndLabel WatchKit App.app */;
			productType = "com.apple.product-type.application.watchapp";
		};
/* End PBXNativeTarget section */

/* Begin PBXProject section */
		B6D165A21A9949B700EF591A /* Project object */ = {
			isa = PBXProject;
			attributes = {
				LastUpgradeCheck = 0620;
				ORGANIZATIONNAME = Apress;
				TargetAttributes = {
					B6D165A91A9949B700EF591A = {
						CreatedOnToolsVersion = 6.2;
					};
					B6D165BE1A9949B700EF591A = {
						CreatedOnToolsVersion = 6.2;
						TestTargetID = B6D165A91A9949B700EF591A;
					};
					B6D165D21A9949DD00EF591A = {
						CreatedOnToolsVersion = 6.2;
					};
					B6D165DC1A9949DD00EF591A = {
						CreatedOnToolsVersion = 6.2;
					};
				};
			};
			buildConfigurationList = B6D165A51A9949B700EF591A /* Build configuration list for PBXProject "ImageAndLabel" */;
			compatibilityVersion = "Xcode 3.2";
			developmentRegion = English;
			hasScannedForEncodings = 0;
			knownRegions = (
				en,
				Base,
			);
			mainGroup = B6D165A11A9949B700EF591A;
			productRefGroup = B6D165AB1A9949B700EF591A /* Products */;
			projectDirPath = "";
			projectRoot = "";
			targets = (
				B6D165A91A9949B700EF591A /* ImageAndLabel */,
				B6D165BE1A9949B700EF591A /* ImageAndLabelTests */,
				B6D165D21A9949DD00EF591A /* ImageAndLabel WatchKit Extension */,
				B6D165DC1A9949DD00EF591A /* ImageAndLabel WatchKit App */,
			);
		};
/* End PBXProject section */

/* Begin PBXResourcesBuildPhase section */
		B6D165A81A9949B700EF591A /* Resources */ = {
			isa = PBXResourcesBuildPhase;
			buildActionMask = 2147483647;
			files = (
				B6D165B51A9949B700EF591A /* Main.storyboard in Resources */,
				B6D165BA1A9949B700EF591A /* LaunchScreen.xib in Resources */,
				B6D165B71A9949B700EF591A /* Images.xcassets in Resources */,
			);
			runOnlyForDeploymentPostprocessing = 0;
		};
		B6D165BD1A9949B700EF591A /* Resources */ = {
			isa = PBXResourcesBuildPhase;
			buildActionMask = 2147483647;
			files = (
			);
			runOnlyForDeploymentPostprocessing = 0;
		};
		B6D165D11A9949DD00EF591A /* Resources */ = {
			isa = PBXResourcesBuildPhase;
			buildActionMask = 2147483647;
			files = (
				B6D165DA1A9949DD00EF591A /* Images.xcassets in Resources */,
				B6D165DE1A9949DD00EF591A /* ImageAndLabel WatchKit App.app in Resources */,
			);
			runOnlyForDeploymentPostprocessing = 0;
		};
		B6D165DB1A9949DD00EF591A /* Resources */ = {
			isa = PBXResourcesBuildPhase;
			buildActionMask = 2147483647;
			files = (
				B6D165E61A9949DD00EF591A /* Interface.storyboard in Resources */,
				B6D165E81A9949DD00EF591A /* Images.xcassets in Resources */,
			);
			runOnlyForDeploymentPostprocessing = 0;
		};
/* End PBXResourcesBuildPhase section */

/* Begin PBXSourcesBuildPhase section */
		B6D165A61A9949B700EF591A /* Sources */ = {
			isa = PBXSourcesBuildPhase;
			buildActionMask = 2147483647;
			files = (
				B6D165B21A9949B700EF591A /* ViewController.swift in Sources */,
				B6D165B01A9949B700EF591A /* AppDelegate.swift in Sources */,
			);
			runOnlyForDeploymentPostprocessing = 0;
		};
		B6D165BB1A9949B700EF591A /* Sources */ = {
			isa = PBXSourcesBuildPhase;
			buildActionMask = 2147483647;
			files = (
				B6D165C61A9949B700EF591A /* ImageAndLabelTests.swift in Sources */,
			);
			runOnlyForDeploymentPostprocessing = 0;
		};
		B6D165CF1A9949DD00EF591A /* Sources */ = {
			isa = PBXSourcesBuildPhase;
			buildActionMask = 2147483647;
			files = (
				B6D165D81A9949DD00EF591A /* InterfaceController.swift in Sources */,
			);
			runOnlyForDeploymentPostprocessing = 0;
		};
/* End PBXSourcesBuildPhase section */

/* Begin PBXTargetDependency section */
		B6D165C11A9949B700EF591A /* PBXTargetDependency */ = {
			isa = PBXTargetDependency;
			target = B6D165A91A9949B700EF591A /* ImageAndLabel */;
			targetProxy = B6D165C01A9949B700EF591A /* PBXContainerItemProxy */;
		};
		B6D165E01A9949DD00EF591A /* PBXTargetDependency */ = {
			isa = PBXTargetDependency;
			target = B6D165DC1A9949DD00EF591A /* ImageAndLabel WatchKit App */;
			targetProxy = B6D165DF1A9949DD00EF591A /* PBXContainerItemProxy */;
		};
		B6D165EA1A9949DD00EF591A /* PBXTargetDependency */ = {
			isa = PBXTargetDependency;
			target = B6D165D21A9949DD00EF591A /* ImageAndLabel WatchKit Extension */;
			targetProxy = B6D165E91A9949DD00EF591A /* PBXContainerItemProxy */;
		};
/* End PBXTargetDependency section */

/* Begin PBXVariantGroup section */
		B6D165B31A9949B700EF591A /* Main.storyboard */ = {
			isa = PBXVariantGroup;
			children = (
				B6D165B41A9949B700EF591A /* Base */,
			);
			name = Main.storyboard;
			sourceTree = "<group>";
		};
		B6D165B81A9949B700EF591A /* LaunchScreen.xib */ = {
			isa = PBXVariantGroup;
			children = (
				B6D165B91A9949B700EF591A /* Base */,
			);
			name = LaunchScreen.xib;
			sourceTree = "<group>";
		};
		B6D165E41A9949DD00EF591A /* Interface.storyboard */ = {
			isa = PBXVariantGroup;
			children = (
				B6D165E51A9949DD00EF591A /* Base */,
			);
			name = Interface.storyboard;
			sourceTree = "<group>";
		};
/* End PBXVariantGroup section */

/* Begin XCBuildConfiguration section */
		B6D165C71A9949B700EF591A /* Debug */ = {
			isa = XCBuildConfiguration;
			buildSettings = {
				ALWAYS_SEARCH_USER_PATHS = NO;
				CLANG_CXX_LANGUAGE_STANDARD = "gnu++0x";
				CLANG_CXX_LIBRARY = "libc++";
				CLANG_ENABLE_MODULES = YES;
				CLANG_ENABLE_OBJC_ARC = YES;
				CLANG_WARN_BOOL_CONVERSION = YES;
				CLANG_WARN_CONSTANT_CONVERSION = YES;
				CLANG_WARN_DIRECT_OBJC_ISA_USAGE = YES_ERROR;
				CLANG_WARN_EMPTY_BODY = YES;
				CLANG_WARN_ENUM_CONVERSION = YES;
				CLANG_WARN_INT_CONVERSION = YES;
				CLANG_WARN_OBJC_ROOT_CLASS = YES_ERROR;
				CLANG_WARN_UNREACHABLE_CODE = YES;
				CLANG_WARN__DUPLICATE_METHOD_MATCH = YES;
				"CODE_SIGN_IDENTITY[sdk=iphoneos*]" = "iPhone Developer";
				COPY_PHASE_STRIP = NO;
				ENABLE_STRICT_OBJC_MSGSEND = YES;
				GCC_C_LANGUAGE_STANDARD = gnu99;
				GCC_DYNAMIC_NO_PIC = NO;
				GCC_OPTIMIZATION_LEVEL = 0;
				GCC_PREPROCESSOR_DEFINITIONS = (
					"DEBUG=1",
					"$(inherited)",
				);
				GCC_SYMBOLS_PRIVATE_EXTERN = NO;
				GCC_WARN_64_TO_32_BIT_CONVERSION = YES;
				GCC_WARN_ABOUT_RETURN_TYPE = YES_ERROR;
				GCC_WARN_UNDECLARED_SELECTOR = YES;
				GCC_WARN_UNINITIALIZED_AUTOS = YES_AGGRESSIVE;
				GCC_WARN_UNUSED_FUNCTION = YES;
				GCC_WARN_UNUSED_VARIABLE = YES;
				IPHONEOS_DEPLOYMENT_TARGET = 8.2;
				MTL_ENABLE_DEBUG_INFO = YES;
				ONLY_ACTIVE_ARCH = YES;
				SDKROOT = iphoneos;
				SWIFT_OPTIMIZATION_LEVEL = "-Onone";
				TARGETED_DEVICE_FAMILY = "1,2";
			};
			name = Debug;
		};
		B6D165C81A9949B700EF591A /* Release */ = {
			isa = XCBuildConfiguration;
			buildSettings = {
				ALWAYS_SEARCH_USER_PATHS = NO;
				CLANG_CXX_LANGUAGE_STANDARD = "gnu++0x";
				CLANG_CXX_LIBRARY = "libc++";
				CLANG_ENABLE_MODULES = YES;
				CLANG_ENABLE_OBJC_ARC = YES;
				CLANG_WARN_BOOL_CONVERSION = YES;
				CLANG_WARN_CONSTANT_CONVERSION = YES;
				CLANG_WARN_DIRECT_OBJC_ISA_USAGE = YES_ERROR;
				CLANG_WARN_EMPTY_BODY = YES;
				CLANG_WARN_ENUM_CONVERSION = YES;
				CLANG_WARN_INT_CONVERSION = YES;
				CLANG_WARN_OBJC_ROOT_CLASS = YES_ERROR;
				CLANG_WARN_UNREACHABLE_CODE = YES;
				CLANG_WARN__DUPLICATE_METHOD_MATCH = YES;
				"CODE_SIGN_IDENTITY[sdk=iphoneos*]" = "iPhone Developer";
				COPY_PHASE_STRIP = NO;
				ENABLE_NS_ASSERTIONS = NO;
				ENABLE_STRICT_OBJC_MSGSEND = YES;
				GCC_C_LANGUAGE_STANDARD = gnu99;
				GCC_WARN_64_TO_32_BIT_CONVERSION = YES;
				GCC_WARN_ABOUT_RETURN_TYPE = YES_ERROR;
				GCC_WARN_UNDECLARED_SELECTOR = YES;
				GCC_WARN_UNINITIALIZED_AUTOS = YES_AGGRESSIVE;
				GCC_WARN_UNUSED_FUNCTION = YES;
				GCC_WARN_UNUSED_VARIABLE = YES;
				IPHONEOS_DEPLOYMENT_TARGET = 8.2;
				MTL_ENABLE_DEBUG_INFO = NO;
				SDKROOT = iphoneos;
				TARGETED_DEVICE_FAMILY = "1,2";
				VALIDATE_PRODUCT = YES;
			};
			name = Release;
		};
		B6D165CA1A9949B700EF591A /* Debug */ = {
			isa = XCBuildConfiguration;
			buildSettings = {
				ASSETCATALOG_COMPILER_APPICON_NAME = AppIcon;
				EMBEDDED_CONTENT_CONTAINS_SWIFT = YES;
				INFOPLIST_FILE = ImageAndLabel/Info.plist;
				LD_RUNPATH_SEARCH_PATHS = "$(inherited) @executable_path/Frameworks";
				PRODUCT_NAME = "$(TARGET_NAME)";
			};
			name = Debug;
		};
		B6D165CB1A9949B700EF591A /* Release */ = {
			isa = XCBuildConfiguration;
			buildSettings = {
				ASSETCATALOG_COMPILER_APPICON_NAME = AppIcon;
				EMBEDDED_CONTENT_CONTAINS_SWIFT = YES;
				INFOPLIST_FILE = ImageAndLabel/Info.plist;
				LD_RUNPATH_SEARCH_PATHS = "$(inherited) @executable_path/Frameworks";
				PRODUCT_NAME = "$(TARGET_NAME)";
			};
			name = Release;
		};
		B6D165CD1A9949B700EF591A /* Debug */ = {
			isa = XCBuildConfiguration;
			buildSettings = {
				BUNDLE_LOADER = "$(TEST_HOST)";
				FRAMEWORK_SEARCH_PATHS = (
					"$(SDKROOT)/Developer/Library/Frameworks",
					"$(inherited)",
				);
				GCC_PREPROCESSOR_DEFINITIONS = (
					"DEBUG=1",
					"$(inherited)",
				);
				INFOPLIST_FILE = ImageAndLabelTests/Info.plist;
				LD_RUNPATH_SEARCH_PATHS = "$(inherited) @executable_path/Frameworks @loader_path/Frameworks";
				PRODUCT_NAME = "$(TARGET_NAME)";
				TEST_HOST = "$(BUILT_PRODUCTS_DIR)/ImageAndLabel.app/ImageAndLabel";
			};
			name = Debug;
		};
		B6D165CE1A9949B700EF591A /* Release */ = {
			isa = XCBuildConfiguration;
			buildSettings = {
				BUNDLE_LOADER = "$(TEST_HOST)";
				FRAMEWORK_SEARCH_PATHS = (
					"$(SDKROOT)/Developer/Library/Frameworks",
					"$(inherited)",
				);
				INFOPLIST_FILE = ImageAndLabelTests/Info.plist;
				LD_RUNPATH_SEARCH_PATHS = "$(inherited) @executable_path/Frameworks @loader_path/Frameworks";
				PRODUCT_NAME = "$(TARGET_NAME)";
				TEST_HOST = "$(BUILT_PRODUCTS_DIR)/ImageAndLabel.app/ImageAndLabel";
			};
			name = Release;
		};
		B6D165EC1A9949DD00EF591A /* Debug */ = {
			isa = XCBuildConfiguration;
			buildSettings = {
				GCC_PREPROCESSOR_DEFINITIONS = (
					"DEBUG=1",
					"$(inherited)",
				);
				INFOPLIST_FILE = "ImageAndLabel WatchKit Extension/Info.plist";
				LD_RUNPATH_SEARCH_PATHS = "$(inherited) @executable_path/Frameworks @executable_path/../../Frameworks";
				PRODUCT_NAME = "${TARGET_NAME}";
				SKIP_INSTALL = YES;
			};
			name = Debug;
		};
		B6D165ED1A9949DD00EF591A /* Release */ = {
			isa = XCBuildConfiguration;
			buildSettings = {
				INFOPLIST_FILE = "ImageAndLabel WatchKit Extension/Info.plist";
				LD_RUNPATH_SEARCH_PATHS = "$(inherited) @executable_path/Frameworks @executable_path/../../Frameworks";
				PRODUCT_NAME = "${TARGET_NAME}";
				SKIP_INSTALL = YES;
			};
			name = Release;
		};
		B6D165EE1A9949DD00EF591A /* Debug */ = {
			isa = XCBuildConfiguration;
			buildSettings = {
				ASSETCATALOG_COMPILER_APPICON_NAME = AppIcon;
				GCC_PREPROCESSOR_DEFINITIONS = (
					"DEBUG=1",
					"$(inherited)",
				);
				IBSC_MODULE = ImageAndLabel_WatchKit_Extension;
				INFOPLIST_FILE = "ImageAndLabel WatchKit App/Info.plist";
				PRODUCT_NAME = "$(TARGET_NAME)";
				SKIP_INSTALL = YES;
				TARGETED_DEVICE_FAMILY = 4;
				"TARGETED_DEVICE_FAMILY[sdk=iphonesimulator*]" = "1,4";
			};
			name = Debug;
		};
		B6D165EF1A9949DD00EF591A /* Release */ = {
			isa = XCBuildConfiguration;
			buildSettings = {
				ASSETCATALOG_COMPILER_APPICON_NAME = AppIcon;
				IBSC_MODULE = ImageAndLabel_WatchKit_Extension;
				INFOPLIST_FILE = "ImageAndLabel WatchKit App/Info.plist";
				PRODUCT_NAME = "$(TARGET_NAME)";
				SKIP_INSTALL = YES;
				TARGETED_DEVICE_FAMILY = 4;
				"TARGETED_DEVICE_FAMILY[sdk=iphonesimulator*]" = "1,4";
			};
			name = Release;
		};
/* End XCBuildConfiguration section */

/* Begin XCConfigurationList section */
		B6D165A51A9949B700EF591A /* Build configuration list for PBXProject "ImageAndLabel" */ = {
			isa = XCConfigurationList;
			buildConfigurations = (
				B6D165C71A9949B700EF591A /* Debug */,
				B6D165C81A9949B700EF591A /* Release */,
			);
			defaultConfigurationIsVisible = 0;
			defaultConfigurationName = Release;
		};
		B6D165C91A9949B700EF591A /* Build configuration list for PBXNativeTarget "ImageAndLabel" */ = {
			isa = XCConfigurationList;
			buildConfigurations = (
				B6D165CA1A9949B700EF591A /* Debug */,
				B6D165CB1A9949B700EF591A /* Release */,
			);
			defaultConfigurationIsVisible = 0;
			defaultConfigurationName = Release;
		};
		B6D165CC1A9949B700EF591A /* Build configuration list for PBXNativeTarget "ImageAndLabelTests" */ = {
			isa = XCConfigurationList;
			buildConfigurations = (
				B6D165CD1A9949B700EF591A /* Debug */,
				B6D165CE1A9949B700EF591A /* Release */,
			);
			defaultConfigurationIsVisible = 0;
			defaultConfigurationName = Release;
		};
		B6D165F01A9949DD00EF591A /* Build configuration list for PBXNativeTarget "ImageAndLabel WatchKit App" */ = {
			isa = XCConfigurationList;
			buildConfigurations = (
				B6D165EE1A9949DD00EF591A /* Debug */,
				B6D165EF1A9949DD00EF591A /* Release */,
			);
			defaultConfigurationIsVisible = 0;
		};
		B6D165F11A9949DD00EF591A /* Build configuration list for PBXNativeTarget "ImageAndLabel WatchKit Extension" */ = {
			isa = XCConfigurationList;
			buildConfigurations = (
				B6D165EC1A9949DD00EF591A /* Debug */,
				B6D165ED1A9949DD00EF591A /* Release */,
			);
			defaultConfigurationIsVisible = 0;
		};
/* End XCConfigurationList section */
	};
	rootObject = B6D165A21A9949B700EF591A /* Project object */;
}
